
Microsoft Visual Studio Solution File, Format Version 12.00
# Visual Studio 15
VisualStudioVersion = 15.0.27130.2036
MinimumVisualStudioVersion = 10.0.40219.1
Project("{FAE04EC0-301F-11D3-BF4B-00C04F79EFBC}") = "Anna_Baseley_Lab13b", "Practice_Lab13\Anna_Baseley_Lab13b.csproj", "{7BE0666E-9532-417E-9C94-CD099114726E}"
EndProject
Global
	GlobalSection(SolutionConfigurationPlatforms) = preSolution
		Debug|Any CPU = Debug|Any CPU
		Release|Any CPU = Release|Any CPU
	EndGlobalSection
	GlobalSection(ProjectConfigurationPlatforms) = postSolution
		{7BE0666E-9532-417E-9C94-CD099114726E}.Debug|Any CPU.ActiveCfg = Debug|Any CPU
		{7BE0666E-9532-417E-9C94-CD099114726E}.Debug|Any CPU.Build.0 = Debug|Any CPU
		{7BE0666E-9532-417E-9C94-CD099114726E}.Release|Any CPU.ActiveCfg = Release|Any CPU
		{7BE0666E-9532-417E-9C94-CD099114726E}.Release|Any CPU.Build.0 = Release|Any CPU
	EndGlobalSection
	GlobalSection(SolutionProperties) = preSolution
		HideSolutionNode = FALSE
	EndGlobalSection
	GlobalSection(ExtensibilityGlobals) = postSolution
		SolutionGuid = {15482040-65C8-41C0-A27E-F6C90A4EDC71}
	EndGlobalSection
EndGlobal
